// !$*UTF8*$!
{
	archiveVersion = 1;
	classes = {
	};
	objectVersion = 48;
	objects = {

/* Begin PBXBuildFile section */
		2950723C2BD1BF37AD7A2309 /* Pods_LanguageGame.framework in Frameworks */ = {isa = PBXBuildFile; fileRef = 79175EF9CFCDC87A3789D2EC /* Pods_LanguageGame.framework */; };
		314AF044865069E19EF0D357 /* Pods_LanguageGameUITests.framework in Frameworks */ = {isa = PBXBuildFile; fileRef = 94C2359ECE52B6FE878C45D3 /* Pods_LanguageGameUITests.framework */; };
		334C33A29E690A7A03E3FCEC /* Pods_LanguageGameTests.framework in Frameworks */ = {isa = PBXBuildFile; fileRef = 34C8FA0FE06D7D779F5C099B /* Pods_LanguageGameTests.framework */; };
		D305EE3C207A417900FB531F /* AppDelegate.swift in Sources */ = {isa = PBXBuildFile; fileRef = D305EE3B207A417900FB531F /* AppDelegate.swift */; };
		D305EE41207A417900FB531F /* Main.storyboard in Resources */ = {isa = PBXBuildFile; fileRef = D305EE3F207A417900FB531F /* Main.storyboard */; };
		D305EE43207A417900FB531F /* Assets.xcassets in Resources */ = {isa = PBXBuildFile; fileRef = D305EE42207A417900FB531F /* Assets.xcassets */; };
		D305EE46207A417900FB531F /* LaunchScreen.storyboard in Resources */ = {isa = PBXBuildFile; fileRef = D305EE44207A417900FB531F /* LaunchScreen.storyboard */; };
		D305EE51207A417900FB531F /* LanguageGameTests.swift in Sources */ = {isa = PBXBuildFile; fileRef = D305EE50207A417900FB531F /* LanguageGameTests.swift */; };
		D305EE5C207A417900FB531F /* LanguageGameUITests.swift in Sources */ = {isa = PBXBuildFile; fileRef = D305EE5B207A417900FB531F /* LanguageGameUITests.swift */; };
		D305EE6E207A455300FB531F /* APIManager.swift in Sources */ = {isa = PBXBuildFile; fileRef = D305EE6D207A455300FB531F /* APIManager.swift */; };
		D38C6885207A465400E0FF36 /* Reachability.swift in Sources */ = {isa = PBXBuildFile; fileRef = D38C6883207A465400E0FF36 /* Reachability.swift */; };
		D38C6886207A465400E0FF36 /* RequestExtensionAlamofire.swift in Sources */ = {isa = PBXBuildFile; fileRef = D38C6884207A465400E0FF36 /* RequestExtensionAlamofire.swift */; };
		D38C6888207A47BA00E0FF36 /* SentenceModel.swift in Sources */ = {isa = PBXBuildFile; fileRef = D38C6887207A47BA00E0FF36 /* SentenceModel.swift */; };
		D38C688A207A489600E0FF36 /* StartGameViewController.swift in Sources */ = {isa = PBXBuildFile; fileRef = D38C6889207A489600E0FF36 /* StartGameViewController.swift */; };
		D38C688C207A4C4C00E0FF36 /* AlertManager.swift in Sources */ = {isa = PBXBuildFile; fileRef = D38C688B207A4C4C00E0FF36 /* AlertManager.swift */; };
		D38C688E207A4F2E00E0FF36 /* ReachabilityManager.swift in Sources */ = {isa = PBXBuildFile; fileRef = D38C688D207A4F2E00E0FF36 /* ReachabilityManager.swift */; };
		D38C6890207A507400E0FF36 /* PlayViewController.swift in Sources */ = {isa = PBXBuildFile; fileRef = D38C688F207A507400E0FF36 /* PlayViewController.swift */; };
		D38C6892207A545200E0FF36 /* GameLogicManager.swift in Sources */ = {isa = PBXBuildFile; fileRef = D38C6891207A545200E0FF36 /* GameLogicManager.swift */; };
		D38C6895207A684000E0FF36 /* SentenceDropView.swift in Sources */ = {isa = PBXBuildFile; fileRef = D38C6894207A684000E0FF36 /* SentenceDropView.swift */; };
		D38C6899207A6A7500E0FF36 /* FallDownLabel.swift in Sources */ = {isa = PBXBuildFile; fileRef = D38C6898207A6A7500E0FF36 /* FallDownLabel.swift */; };
		D38C689B207A6B2A00E0FF36 /* constants.swift in Sources */ = {isa = PBXBuildFile; fileRef = D38C689A207A6B2A00E0FF36 /* constants.swift */; };
		D38C68A8207B4E4200E0FF36 /* GameLogicManagerTests.swift in Sources */ = {isa = PBXBuildFile; fileRef = D38C689E207B4A0B00E0FF36 /* GameLogicManagerTests.swift */; };
		D38C68AA207B506700E0FF36 /* APIManagerTests.swift in Sources */ = {isa = PBXBuildFile; fileRef = D38C68A9207B506700E0FF36 /* APIManagerTests.swift */; };
/* End PBXBuildFile section */

/* Begin PBXContainerItemProxy section */
		D305EE4D207A417900FB531F /* PBXContainerItemProxy */ = {
			isa = PBXContainerItemProxy;
			containerPortal = D305EE30207A417900FB531F /* Project object */;
			proxyType = 1;
			remoteGlobalIDString = D305EE37207A417900FB531F;
			remoteInfo = LanguageGame;
		};
		D305EE58207A417900FB531F /* PBXContainerItemProxy */ = {
			isa = PBXContainerItemProxy;
			containerPortal = D305EE30207A417900FB531F /* Project object */;
			proxyType = 1;
			remoteGlobalIDString = D305EE37207A417900FB531F;
			remoteInfo = LanguageGame;
		};
/* End PBXContainerItemProxy section */

/* Begin PBXFileReference section */
		17C59F36CEB32EA82D6CA00C /* Pods-LanguageGameUITests.release.xcconfig */ = {isa = PBXFileReference; includeInIndex = 1; lastKnownFileType = text.xcconfig; name = "Pods-LanguageGameUITests.release.xcconfig"; path = "Pods/Target Support Files/Pods-LanguageGameUITests/Pods-LanguageGameUITests.release.xcconfig"; sourceTree = "<group>"; };
		34C8FA0FE06D7D779F5C099B /* Pods_LanguageGameTests.framework */ = {isa = PBXFileReference; explicitFileType = wrapper.framework; includeInIndex = 0; path = Pods_LanguageGameTests.framework; sourceTree = BUILT_PRODUCTS_DIR; };
		3A7D3415BF5509B5711DB792 /* Pods-LanguageGameTests.release.xcconfig */ = {isa = PBXFileReference; includeInIndex = 1; lastKnownFileType = text.xcconfig; name = "Pods-LanguageGameTests.release.xcconfig"; path = "Pods/Target Support Files/Pods-LanguageGameTests/Pods-LanguageGameTests.release.xcconfig"; sourceTree = "<group>"; };
		79175EF9CFCDC87A3789D2EC /* Pods_LanguageGame.framework */ = {isa = PBXFileReference; explicitFileType = wrapper.framework; includeInIndex = 0; path = Pods_LanguageGame.framework; sourceTree = BUILT_PRODUCTS_DIR; };
		80E676B45864F4A543576E17 /* Pods-LanguageGame.release.xcconfig */ = {isa = PBXFileReference; includeInIndex = 1; lastKnownFileType = text.xcconfig; name = "Pods-LanguageGame.release.xcconfig"; path = "Pods/Target Support Files/Pods-LanguageGame/Pods-LanguageGame.release.xcconfig"; sourceTree = "<group>"; };
		94C2359ECE52B6FE878C45D3 /* Pods_LanguageGameUITests.framework */ = {isa = PBXFileReference; explicitFileType = wrapper.framework; includeInIndex = 0; path = Pods_LanguageGameUITests.framework; sourceTree = BUILT_PRODUCTS_DIR; };
		A111122E106A4BEB5F3BFF7F /* Pods-LanguageGameUITests.debug.xcconfig */ = {isa = PBXFileReference; includeInIndex = 1; lastKnownFileType = text.xcconfig; name = "Pods-LanguageGameUITests.debug.xcconfig"; path = "Pods/Target Support Files/Pods-LanguageGameUITests/Pods-LanguageGameUITests.debug.xcconfig"; sourceTree = "<group>"; };
		CBFF75FC78B580AD6408F418 /* Pods-LanguageGame.debug.xcconfig */ = {isa = PBXFileReference; includeInIndex = 1; lastKnownFileType = text.xcconfig; name = "Pods-LanguageGame.debug.xcconfig"; path = "Pods/Target Support Files/Pods-LanguageGame/Pods-LanguageGame.debug.xcconfig"; sourceTree = "<group>"; };
		CF6869B28729D06AE96D582C /* Pods-LanguageGameTests.debug.xcconfig */ = {isa = PBXFileReference; includeInIndex = 1; lastKnownFileType = text.xcconfig; name = "Pods-LanguageGameTests.debug.xcconfig"; path = "Pods/Target Support Files/Pods-LanguageGameTests/Pods-LanguageGameTests.debug.xcconfig"; sourceTree = "<group>"; };
		D305EE38207A417900FB531F /* LanguageGame.app */ = {isa = PBXFileReference; explicitFileType = wrapper.application; includeInIndex = 0; path = LanguageGame.app; sourceTree = BUILT_PRODUCTS_DIR; };
		D305EE3B207A417900FB531F /* AppDelegate.swift */ = {isa = PBXFileReference; lastKnownFileType = sourcecode.swift; path = AppDelegate.swift; sourceTree = "<group>"; };
		D305EE40207A417900FB531F /* Base */ = {isa = PBXFileReference; lastKnownFileType = file.storyboard; name = Base; path = Base.lproj/Main.storyboard; sourceTree = "<group>"; };
		D305EE42207A417900FB531F /* Assets.xcassets */ = {isa = PBXFileReference; lastKnownFileType = folder.assetcatalog; path = Assets.xcassets; sourceTree = "<group>"; };
		D305EE45207A417900FB531F /* Base */ = {isa = PBXFileReference; lastKnownFileType = file.storyboard; name = Base; path = Base.lproj/LaunchScreen.storyboard; sourceTree = "<group>"; };
		D305EE47207A417900FB531F /* Info.plist */ = {isa = PBXFileReference; lastKnownFileType = text.plist.xml; path = Info.plist; sourceTree = "<group>"; };
		D305EE4C207A417900FB531F /* LanguageGameTests.xctest */ = {isa = PBXFileReference; explicitFileType = wrapper.cfbundle; includeInIndex = 0; path = LanguageGameTests.xctest; sourceTree = BUILT_PRODUCTS_DIR; };
		D305EE50207A417900FB531F /* LanguageGameTests.swift */ = {isa = PBXFileReference; lastKnownFileType = sourcecode.swift; path = LanguageGameTests.swift; sourceTree = "<group>"; };
		D305EE52207A417900FB531F /* Info.plist */ = {isa = PBXFileReference; lastKnownFileType = text.plist.xml; path = Info.plist; sourceTree = "<group>"; };
		D305EE57207A417900FB531F /* LanguageGameUITests.xctest */ = {isa = PBXFileReference; explicitFileType = wrapper.cfbundle; includeInIndex = 0; path = LanguageGameUITests.xctest; sourceTree = BUILT_PRODUCTS_DIR; };
		D305EE5B207A417900FB531F /* LanguageGameUITests.swift */ = {isa = PBXFileReference; lastKnownFileType = sourcecode.swift; path = LanguageGameUITests.swift; sourceTree = "<group>"; };
		D305EE5D207A417900FB531F /* Info.plist */ = {isa = PBXFileReference; lastKnownFileType = text.plist.xml; path = Info.plist; sourceTree = "<group>"; };
		D305EE6D207A455300FB531F /* APIManager.swift */ = {isa = PBXFileReference; lastKnownFileType = sourcecode.swift; path = APIManager.swift; sourceTree = "<group>"; };
		D38C6883207A465400E0FF36 /* Reachability.swift */ = {isa = PBXFileReference; fileEncoding = 4; lastKnownFileType = sourcecode.swift; path = Reachability.swift; sourceTree = "<group>"; };
		D38C6884207A465400E0FF36 /* RequestExtensionAlamofire.swift */ = {isa = PBXFileReference; fileEncoding = 4; lastKnownFileType = sourcecode.swift; path = RequestExtensionAlamofire.swift; sourceTree = "<group>"; };
		D38C6887207A47BA00E0FF36 /* SentenceModel.swift */ = {isa = PBXFileReference; lastKnownFileType = sourcecode.swift; path = SentenceModel.swift; sourceTree = "<group>"; };
		D38C6889207A489600E0FF36 /* StartGameViewController.swift */ = {isa = PBXFileReference; lastKnownFileType = sourcecode.swift; path = StartGameViewController.swift; sourceTree = "<group>"; };
		D38C688B207A4C4C00E0FF36 /* AlertManager.swift */ = {isa = PBXFileReference; lastKnownFileType = sourcecode.swift; path = AlertManager.swift; sourceTree = "<group>"; };
		D38C688D207A4F2E00E0FF36 /* ReachabilityManager.swift */ = {isa = PBXFileReference; lastKnownFileType = sourcecode.swift; path = ReachabilityManager.swift; sourceTree = "<group>"; };
		D38C688F207A507400E0FF36 /* PlayViewController.swift */ = {isa = PBXFileReference; lastKnownFileType = sourcecode.swift; path = PlayViewController.swift; sourceTree = "<group>"; };
		D38C6891207A545200E0FF36 /* GameLogicManager.swift */ = {isa = PBXFileReference; lastKnownFileType = sourcecode.swift; path = GameLogicManager.swift; sourceTree = "<group>"; };
		D38C6894207A684000E0FF36 /* SentenceDropView.swift */ = {isa = PBXFileReference; lastKnownFileType = sourcecode.swift; path = SentenceDropView.swift; sourceTree = "<group>"; };
		D38C6898207A6A7500E0FF36 /* FallDownLabel.swift */ = {isa = PBXFileReference; lastKnownFileType = sourcecode.swift; path = FallDownLabel.swift; sourceTree = "<group>"; };
		D38C689A207A6B2A00E0FF36 /* constants.swift */ = {isa = PBXFileReference; lastKnownFileType = sourcecode.swift; path = constants.swift; sourceTree = "<group>"; };
		D38C689E207B4A0B00E0FF36 /* GameLogicManagerTests.swift */ = {isa = PBXFileReference; lastKnownFileType = sourcecode.swift; path = GameLogicManagerTests.swift; sourceTree = "<group>"; };
		D38C68A9207B506700E0FF36 /* APIManagerTests.swift */ = {isa = PBXFileReference; lastKnownFileType = sourcecode.swift; path = APIManagerTests.swift; sourceTree = "<group>"; };
/* End PBXFileReference section */

/* Begin PBXFrameworksBuildPhase section */
		D305EE35207A417900FB531F /* Frameworks */ = {
			isa = PBXFrameworksBuildPhase;
			buildActionMask = 2147483647;
			files = (
				2950723C2BD1BF37AD7A2309 /* Pods_LanguageGame.framework in Frameworks */,
			);
			runOnlyForDeploymentPostprocessing = 0;
		};
		D305EE49207A417900FB531F /* Frameworks */ = {
			isa = PBXFrameworksBuildPhase;
			buildActionMask = 2147483647;
			files = (
				334C33A29E690A7A03E3FCEC /* Pods_LanguageGameTests.framework in Frameworks */,
			);
			runOnlyForDeploymentPostprocessing = 0;
		};
		D305EE54207A417900FB531F /* Frameworks */ = {
			isa = PBXFrameworksBuildPhase;
			buildActionMask = 2147483647;
			files = (
				314AF044865069E19EF0D357 /* Pods_LanguageGameUITests.framework in Frameworks */,
			);
			runOnlyForDeploymentPostprocessing = 0;
		};
/* End PBXFrameworksBuildPhase section */

/* Begin PBXGroup section */
		76A48E084B27A5712545D020 /* Pods */ = {
			isa = PBXGroup;
			children = (
				CBFF75FC78B580AD6408F418 /* Pods-LanguageGame.debug.xcconfig */,
				80E676B45864F4A543576E17 /* Pods-LanguageGame.release.xcconfig */,
				CF6869B28729D06AE96D582C /* Pods-LanguageGameTests.debug.xcconfig */,
				3A7D3415BF5509B5711DB792 /* Pods-LanguageGameTests.release.xcconfig */,
				A111122E106A4BEB5F3BFF7F /* Pods-LanguageGameUITests.debug.xcconfig */,
				17C59F36CEB32EA82D6CA00C /* Pods-LanguageGameUITests.release.xcconfig */,
			);
			name = Pods;
			sourceTree = "<group>";
		};
		87F9A80670F1003571806C08 /* Frameworks */ = {
			isa = PBXGroup;
			children = (
				79175EF9CFCDC87A3789D2EC /* Pods_LanguageGame.framework */,
				34C8FA0FE06D7D779F5C099B /* Pods_LanguageGameTests.framework */,
				94C2359ECE52B6FE878C45D3 /* Pods_LanguageGameUITests.framework */,
			);
			name = Frameworks;
			sourceTree = "<group>";
		};
		D305EE2F207A417900FB531F = {
			isa = PBXGroup;
			children = (
				D305EE3A207A417900FB531F /* LanguageGame */,
				D305EE4F207A417900FB531F /* LanguageGameTests */,
				D305EE5A207A417900FB531F /* LanguageGameUITests */,
				D305EE39207A417900FB531F /* Products */,
				76A48E084B27A5712545D020 /* Pods */,
				87F9A80670F1003571806C08 /* Frameworks */,
			);
			sourceTree = "<group>";
		};
		D305EE39207A417900FB531F /* Products */ = {
			isa = PBXGroup;
			children = (
				D305EE38207A417900FB531F /* LanguageGame.app */,
				D305EE4C207A417900FB531F /* LanguageGameTests.xctest */,
				D305EE57207A417900FB531F /* LanguageGameUITests.xctest */,
			);
			name = Products;
			sourceTree = "<group>";
		};
		D305EE3A207A417900FB531F /* LanguageGame */ = {
			isa = PBXGroup;
			children = (
				D305EE3B207A417900FB531F /* AppDelegate.swift */,
				D305EE69207A442C00FB531F /* Models */,
				D305EE6A207A443300FB531F /* Views */,
				D305EE6B207A443800FB531F /* Controllers */,
				D305EE6C207A445200FB531F /* Managers */,
				D38C6882207A462F00E0FF36 /* Helpers */,
				D305EE42207A417900FB531F /* Assets.xcassets */,
				D305EE44207A417900FB531F /* LaunchScreen.storyboard */,
				D305EE47207A417900FB531F /* Info.plist */,
			);
			path = LanguageGame;
			sourceTree = "<group>";
		};
		D305EE4F207A417900FB531F /* LanguageGameTests */ = {
			isa = PBXGroup;
			children = (
				D305EE50207A417900FB531F /* LanguageGameTests.swift */,
				D38C689E207B4A0B00E0FF36 /* GameLogicManagerTests.swift */,
				D38C68A9207B506700E0FF36 /* APIManagerTests.swift */,
				D305EE52207A417900FB531F /* Info.plist */,
			);
			path = LanguageGameTests;
			sourceTree = "<group>";
		};
		D305EE5A207A417900FB531F /* LanguageGameUITests */ = {
			isa = PBXGroup;
			children = (
				D305EE5B207A417900FB531F /* LanguageGameUITests.swift */,
				D305EE5D207A417900FB531F /* Info.plist */,
			);
			path = LanguageGameUITests;
			sourceTree = "<group>";
		};
		D305EE69207A442C00FB531F /* Models */ = {
			isa = PBXGroup;
			children = (
				D38C6887207A47BA00E0FF36 /* SentenceModel.swift */,
			);
			path = Models;
			sourceTree = "<group>";
		};
		D305EE6A207A443300FB531F /* Views */ = {
			isa = PBXGroup;
			children = (
				D305EE3F207A417900FB531F /* Main.storyboard */,
				D38C6893207A66C800E0FF36 /* CustomViews */,
			);
			path = Views;
			sourceTree = "<group>";
		};
		D305EE6B207A443800FB531F /* Controllers */ = {
			isa = PBXGroup;
			children = (
				D38C6889207A489600E0FF36 /* StartGameViewController.swift */,
				D38C688F207A507400E0FF36 /* PlayViewController.swift */,
			);
			path = Controllers;
			sourceTree = "<group>";
		};
		D305EE6C207A445200FB531F /* Managers */ = {
			isa = PBXGroup;
			children = (
				D305EE6D207A455300FB531F /* APIManager.swift */,
				D38C688B207A4C4C00E0FF36 /* AlertManager.swift */,
				D38C688D207A4F2E00E0FF36 /* ReachabilityManager.swift */,
				D38C6891207A545200E0FF36 /* GameLogicManager.swift */,
			);
			path = Managers;
			sourceTree = "<group>";
		};
		D38C6882207A462F00E0FF36 /* Helpers */ = {
			isa = PBXGroup;
			children = (
				D38C6883207A465400E0FF36 /* Reachability.swift */,
				D38C689A207A6B2A00E0FF36 /* constants.swift */,
				D38C6884207A465400E0FF36 /* RequestExtensionAlamofire.swift */,
			);
			path = Helpers;
			sourceTree = "<group>";
		};
		D38C6893207A66C800E0FF36 /* CustomViews */ = {
			isa = PBXGroup;
			children = (
				D38C6894207A684000E0FF36 /* SentenceDropView.swift */,
				D38C6898207A6A7500E0FF36 /* FallDownLabel.swift */,
			);
			path = CustomViews;
			sourceTree = "<group>";
		};
/* End PBXGroup section */

/* Begin PBXNativeTarget section */
		D305EE37207A417900FB531F /* LanguageGame */ = {
			isa = PBXNativeTarget;
			buildConfigurationList = D305EE60207A417900FB531F /* Build configuration list for PBXNativeTarget "LanguageGame" */;
			buildPhases = (
				6EDBE8A9F103959A6294425C /* [CP] Check Pods Manifest.lock */,
				D305EE34207A417900FB531F /* Sources */,
				D305EE35207A417900FB531F /* Frameworks */,
				D305EE36207A417900FB531F /* Resources */,
				C12D937DA1893D05602AA0D6 /* [CP] Embed Pods Frameworks */,
				8FF458FBA7432518CB3FB682 /* [CP] Copy Pods Resources */,
			);
			buildRules = (
			);
			dependencies = (
			);
			name = LanguageGame;
			productName = LanguageGame;
			productReference = D305EE38207A417900FB531F /* LanguageGame.app */;
			productType = "com.apple.product-type.application";
		};
		D305EE4B207A417900FB531F /* LanguageGameTests */ = {
			isa = PBXNativeTarget;
			buildConfigurationList = D305EE63207A417900FB531F /* Build configuration list for PBXNativeTarget "LanguageGameTests" */;
			buildPhases = (
				DDC0AF76A4E298A13FE7D8CE /* [CP] Check Pods Manifest.lock */,
				D305EE48207A417900FB531F /* Sources */,
				D305EE49207A417900FB531F /* Frameworks */,
				D305EE4A207A417900FB531F /* Resources */,
				8213A88DC2533C85D6B3B3F1 /* [CP] Embed Pods Frameworks */,
				400006D75E28546F3FDACED3 /* [CP] Copy Pods Resources */,
			);
			buildRules = (
			);
			dependencies = (
				D305EE4E207A417900FB531F /* PBXTargetDependency */,
			);
			name = LanguageGameTests;
			productName = LanguageGameTests;
			productReference = D305EE4C207A417900FB531F /* LanguageGameTests.xctest */;
			productType = "com.apple.product-type.bundle.unit-test";
		};
		D305EE56207A417900FB531F /* LanguageGameUITests */ = {
			isa = PBXNativeTarget;
			buildConfigurationList = D305EE66207A417900FB531F /* Build configuration list for PBXNativeTarget "LanguageGameUITests" */;
			buildPhases = (
				9B614215E81857B5C989A3BD /* [CP] Check Pods Manifest.lock */,
				D305EE53207A417900FB531F /* Sources */,
				D305EE54207A417900FB531F /* Frameworks */,
				D305EE55207A417900FB531F /* Resources */,
				C77B163ABB8325DAA5B717A0 /* [CP] Embed Pods Frameworks */,
				7F41BD7F1105B7B15D739ABD /* [CP] Copy Pods Resources */,
			);
			buildRules = (
			);
			dependencies = (
				D305EE59207A417900FB531F /* PBXTargetDependency */,
			);
			name = LanguageGameUITests;
			productName = LanguageGameUITests;
			productReference = D305EE57207A417900FB531F /* LanguageGameUITests.xctest */;
			productType = "com.apple.product-type.bundle.ui-testing";
		};
/* End PBXNativeTarget section */

/* Begin PBXProject section */
		D305EE30207A417900FB531F /* Project object */ = {
			isa = PBXProject;
			attributes = {
				LastSwiftUpdateCheck = 0920;
				LastUpgradeCheck = 0920;
				ORGANIZATIONNAME = "Ayman ";
				TargetAttributes = {
					D305EE37207A417900FB531F = {
						CreatedOnToolsVersion = 9.2;
						ProvisioningStyle = Automatic;
					};
					D305EE4B207A417900FB531F = {
						CreatedOnToolsVersion = 9.2;
						ProvisioningStyle = Automatic;
						TestTargetID = D305EE37207A417900FB531F;
					};
					D305EE56207A417900FB531F = {
						CreatedOnToolsVersion = 9.2;
						ProvisioningStyle = Automatic;
						TestTargetID = D305EE37207A417900FB531F;
					};
				};
			};
			buildConfigurationList = D305EE33207A417900FB531F /* Build configuration list for PBXProject "LanguageGame" */;
			compatibilityVersion = "Xcode 8.0";
			developmentRegion = en;
			hasScannedForEncodings = 0;
			knownRegions = (
				en,
				Base,
			);
			mainGroup = D305EE2F207A417900FB531F;
			productRefGroup = D305EE39207A417900FB531F /* Products */;
			projectDirPath = "";
			projectRoot = "";
			targets = (
				D305EE37207A417900FB531F /* LanguageGame */,
				D305EE4B207A417900FB531F /* LanguageGameTests */,
				D305EE56207A417900FB531F /* LanguageGameUITests */,
			);
		};
/* End PBXProject section */

/* Begin PBXResourcesBuildPhase section */
		D305EE36207A417900FB531F /* Resources */ = {
			isa = PBXResourcesBuildPhase;
			buildActionMask = 2147483647;
			files = (
				D305EE46207A417900FB531F /* LaunchScreen.storyboard in Resources */,
				D305EE43207A417900FB531F /* Assets.xcassets in Resources */,
				D305EE41207A417900FB531F /* Main.storyboard in Resources */,
			);
			runOnlyForDeploymentPostprocessing = 0;
		};
		D305EE4A207A417900FB531F /* Resources */ = {
			isa = PBXResourcesBuildPhase;
			buildActionMask = 2147483647;
			files = (
			);
			runOnlyForDeploymentPostprocessing = 0;
		};
		D305EE55207A417900FB531F /* Resources */ = {
			isa = PBXResourcesBuildPhase;
			buildActionMask = 2147483647;
			files = (
			);
			runOnlyForDeploymentPostprocessing = 0;
		};
/* End PBXResourcesBuildPhase section */

/* Begin PBXShellScriptBuildPhase section */
		400006D75E28546F3FDACED3 /* [CP] Copy Pods Resources */ = {
			isa = PBXShellScriptBuildPhase;
			buildActionMask = 2147483647;
			files = (
			);
			inputPaths = (
			);
			name = "[CP] Copy Pods Resources";
			outputPaths = (
			);
			runOnlyForDeploymentPostprocessing = 0;
			shellPath = /bin/sh;
			shellScript = "\"${SRCROOT}/Pods/Target Support Files/Pods-LanguageGameTests/Pods-LanguageGameTests-resources.sh\"\n";
			showEnvVarsInLog = 0;
		};
		6EDBE8A9F103959A6294425C /* [CP] Check Pods Manifest.lock */ = {
			isa = PBXShellScriptBuildPhase;
			buildActionMask = 2147483647;
			files = (
			);
			inputPaths = (
				"${PODS_PODFILE_DIR_PATH}/Podfile.lock",
				"${PODS_ROOT}/Manifest.lock",
			);
			name = "[CP] Check Pods Manifest.lock";
			outputPaths = (
				"$(DERIVED_FILE_DIR)/Pods-LanguageGame-checkManifestLockResult.txt",
			);
			runOnlyForDeploymentPostprocessing = 0;
			shellPath = /bin/sh;
			shellScript = "diff \"${PODS_PODFILE_DIR_PATH}/Podfile.lock\" \"${PODS_ROOT}/Manifest.lock\" > /dev/null\nif [ $? != 0 ] ; then\n    # print error to STDERR\n    echo \"error: The sandbox is not in sync with the Podfile.lock. Run 'pod install' or update your CocoaPods installation.\" >&2\n    exit 1\nfi\n# This output is used by Xcode 'outputs' to avoid re-running this script phase.\necho \"SUCCESS\" > \"${SCRIPT_OUTPUT_FILE_0}\"\n";
			showEnvVarsInLog = 0;
		};
		7F41BD7F1105B7B15D739ABD /* [CP] Copy Pods Resources */ = {
			isa = PBXShellScriptBuildPhase;
			buildActionMask = 2147483647;
			files = (
			);
			inputPaths = (
			);
			name = "[CP] Copy Pods Resources";
			outputPaths = (
			);
			runOnlyForDeploymentPostprocessing = 0;
			shellPath = /bin/sh;
			shellScript = "\"${SRCROOT}/Pods/Target Support Files/Pods-LanguageGameUITests/Pods-LanguageGameUITests-resources.sh\"\n";
			showEnvVarsInLog = 0;
		};
		8213A88DC2533C85D6B3B3F1 /* [CP] Embed Pods Frameworks */ = {
			isa = PBXShellScriptBuildPhase;
			buildActionMask = 2147483647;
			files = (
			);
			inputPaths = (
			);
			name = "[CP] Embed Pods Frameworks";
			outputPaths = (
			);
			runOnlyForDeploymentPostprocessing = 0;
			shellPath = /bin/sh;
			shellScript = "\"${SRCROOT}/Pods/Target Support Files/Pods-LanguageGameTests/Pods-LanguageGameTests-frameworks.sh\"\n";
			showEnvVarsInLog = 0;
		};
		8FF458FBA7432518CB3FB682 /* [CP] Copy Pods Resources */ = {
			isa = PBXShellScriptBuildPhase;
			buildActionMask = 2147483647;
			files = (
			);
			inputPaths = (
			);
			name = "[CP] Copy Pods Resources";
			outputPaths = (
			);
			runOnlyForDeploymentPostprocessing = 0;
			shellPath = /bin/sh;
			shellScript = "\"${SRCROOT}/Pods/Target Support Files/Pods-LanguageGame/Pods-LanguageGame-resources.sh\"\n";
			showEnvVarsInLog = 0;
		};
		9B614215E81857B5C989A3BD /* [CP] Check Pods Manifest.lock */ = {
			isa = PBXShellScriptBuildPhase;
			buildActionMask = 2147483647;
			files = (
			);
			inputPaths = (
				"${PODS_PODFILE_DIR_PATH}/Podfile.lock",
				"${PODS_ROOT}/Manifest.lock",
			);
			name = "[CP] Check Pods Manifest.lock";
			outputPaths = (
				"$(DERIVED_FILE_DIR)/Pods-LanguageGameUITests-checkManifestLockResult.txt",
			);
			runOnlyForDeploymentPostprocessing = 0;
			shellPath = /bin/sh;
			shellScript = "diff \"${PODS_PODFILE_DIR_PATH}/Podfile.lock\" \"${PODS_ROOT}/Manifest.lock\" > /dev/null\nif [ $? != 0 ] ; then\n    # print error to STDERR\n    echo \"error: The sandbox is not in sync with the Podfile.lock. Run 'pod install' or update your CocoaPods installation.\" >&2\n    exit 1\nfi\n# This output is used by Xcode 'outputs' to avoid re-running this script phase.\necho \"SUCCESS\" > \"${SCRIPT_OUTPUT_FILE_0}\"\n";
			showEnvVarsInLog = 0;
		};
		C12D937DA1893D05602AA0D6 /* [CP] Embed Pods Frameworks */ = {
			isa = PBXShellScriptBuildPhase;
			buildActionMask = 2147483647;
			files = (
			);
			inputPaths = (
				"${SRCROOT}/Pods/Target Support Files/Pods-LanguageGame/Pods-LanguageGame-frameworks.sh",
				"${BUILT_PRODUCTS_DIR}/Alamofire/Alamofire.framework",
				"${BUILT_PRODUCTS_DIR}/SwiftMessages/SwiftMessages.framework",
				"${BUILT_PRODUCTS_DIR}/TCProgressBar/TCProgressBar.framework",
				"${BUILT_PRODUCTS_DIR}/TransitionButton/TransitionButton.framework",
				"${BUILT_PRODUCTS_DIR}/WCLShineButton/WCLShineButton.framework",
			);
			name = "[CP] Embed Pods Frameworks";
			outputPaths = (
				"${TARGET_BUILD_DIR}/${FRAMEWORKS_FOLDER_PATH}/Alamofire.framework",
				"${TARGET_BUILD_DIR}/${FRAMEWORKS_FOLDER_PATH}/SwiftMessages.framework",
				"${TARGET_BUILD_DIR}/${FRAMEWORKS_FOLDER_PATH}/TCProgressBar.framework",
				"${TARGET_BUILD_DIR}/${FRAMEWORKS_FOLDER_PATH}/TransitionButton.framework",
				"${TARGET_BUILD_DIR}/${FRAMEWORKS_FOLDER_PATH}/WCLShineButton.framework",
			);
			runOnlyForDeploymentPostprocessing = 0;
			shellPath = /bin/sh;
			shellScript = "\"${SRCROOT}/Pods/Target Support Files/Pods-LanguageGame/Pods-LanguageGame-frameworks.sh\"\n";
			showEnvVarsInLog = 0;
		};
		C77B163ABB8325DAA5B717A0 /* [CP] Embed Pods Frameworks */ = {
			isa = PBXShellScriptBuildPhase;
			buildActionMask = 2147483647;
			files = (
			);
			inputPaths = (
			);
			name = "[CP] Embed Pods Frameworks";
			outputPaths = (
			);
			runOnlyForDeploymentPostprocessing = 0;
			shellPath = /bin/sh;
			shellScript = "\"${SRCROOT}/Pods/Target Support Files/Pods-LanguageGameUITests/Pods-LanguageGameUITests-frameworks.sh\"\n";
			showEnvVarsInLog = 0;
		};
		DDC0AF76A4E298A13FE7D8CE /* [CP] Check Pods Manifest.lock */ = {
			isa = PBXShellScriptBuildPhase;
			buildActionMask = 2147483647;
			files = (
			);
			inputPaths = (
				"${PODS_PODFILE_DIR_PATH}/Podfile.lock",
				"${PODS_ROOT}/Manifest.lock",
			);
			name = "[CP] Check Pods Manifest.lock";
			outputPaths = (
				"$(DERIVED_FILE_DIR)/Pods-LanguageGameTests-checkManifestLockResult.txt",
			);
			runOnlyForDeploymentPostprocessing = 0;
			shellPath = /bin/sh;
			shellScript = "diff \"${PODS_PODFILE_DIR_PATH}/Podfile.lock\" \"${PODS_ROOT}/Manifest.lock\" > /dev/null\nif [ $? != 0 ] ; then\n    # print error to STDERR\n    echo \"error: The sandbox is not in sync with the Podfile.lock. Run 'pod install' or update your CocoaPods installation.\" >&2\n    exit 1\nfi\n# This output is used by Xcode 'outputs' to avoid re-running this script phase.\necho \"SUCCESS\" > \"${SCRIPT_OUTPUT_FILE_0}\"\n";
			showEnvVarsInLog = 0;
		};
/* End PBXShellScriptBuildPhase section */

/* Begin PBXSourcesBuildPhase section */
		D305EE34207A417900FB531F /* Sources */ = {
			isa = PBXSourcesBuildPhase;
			buildActionMask = 2147483647;
			files = (
				D38C6892207A545200E0FF36 /* GameLogicManager.swift in Sources */,
				D38C688E207A4F2E00E0FF36 /* ReachabilityManager.swift in Sources */,
				D38C6890207A507400E0FF36 /* PlayViewController.swift in Sources */,
				D38C6886207A465400E0FF36 /* RequestExtensionAlamofire.swift in Sources */,
				D305EE6E207A455300FB531F /* APIManager.swift in Sources */,
				D38C6899207A6A7500E0FF36 /* FallDownLabel.swift in Sources */,
				D38C689B207A6B2A00E0FF36 /* constants.swift in Sources */,
				D38C6888207A47BA00E0FF36 /* SentenceModel.swift in Sources */,
				D38C6895207A684000E0FF36 /* SentenceDropView.swift in Sources */,
				D305EE3C207A417900FB531F /* AppDelegate.swift in Sources */,
				D38C6885207A465400E0FF36 /* Reachability.swift in Sources */,
				D38C688C207A4C4C00E0FF36 /* AlertManager.swift in Sources */,
				D38C688A207A489600E0FF36 /* StartGameViewController.swift in Sources */,
			);
			runOnlyForDeploymentPostprocessing = 0;
		};
		D305EE48207A417900FB531F /* Sources */ = {
			isa = PBXSourcesBuildPhase;
			buildActionMask = 2147483647;
			files = (
				D38C68A8207B4E4200E0FF36 /* GameLogicManagerTests.swift in Sources */,
				D305EE51207A417900FB531F /* LanguageGameTests.swift in Sources */,
				D38C68AA207B506700E0FF36 /* APIManagerTests.swift in Sources */,
			);
			runOnlyForDeploymentPostprocessing = 0;
		};
		D305EE53207A417900FB531F /* Sources */ = {
			isa = PBXSourcesBuildPhase;
			buildActionMask = 2147483647;
			files = (
				D305EE5C207A417900FB531F /* LanguageGameUITests.swift in Sources */,
			);
			runOnlyForDeploymentPostprocessing = 0;
		};
/* End PBXSourcesBuildPhase section */

/* Begin PBXTargetDependency section */
		D305EE4E207A417900FB531F /* PBXTargetDependency */ = {
			isa = PBXTargetDependency;
			target = D305EE37207A417900FB531F /* LanguageGame */;
			targetProxy = D305EE4D207A417900FB531F /* PBXContainerItemProxy */;
		};
		D305EE59207A417900FB531F /* PBXTargetDependency */ = {
			isa = PBXTargetDependency;
			target = D305EE37207A417900FB531F /* LanguageGame */;
			targetProxy = D305EE58207A417900FB531F /* PBXContainerItemProxy */;
		};
/* End PBXTargetDependency section */

/* Begin PBXVariantGroup section */
		D305EE3F207A417900FB531F /* Main.storyboard */ = {
			isa = PBXVariantGroup;
			children = (
				D305EE40207A417900FB531F /* Base */,
			);
			name = Main.storyboard;
			sourceTree = "<group>";
		};
		D305EE44207A417900FB531F /* LaunchScreen.storyboard */ = {
			isa = PBXVariantGroup;
			children = (
				D305EE45207A417900FB531F /* Base */,
			);
			name = LaunchScreen.storyboard;
			sourceTree = "<group>";
		};
/* End PBXVariantGroup section */

/* Begin XCBuildConfiguration section */
		D305EE5E207A417900FB531F /* Debug */ = {
			isa = XCBuildConfiguration;
			buildSettings = {
				ALWAYS_SEARCH_USER_PATHS = NO;
				CLANG_ANALYZER_NONNULL = YES;
				CLANG_ANALYZER_NUMBER_OBJECT_CONVERSION = YES_AGGRESSIVE;
				CLANG_CXX_LANGUAGE_STANDARD = "gnu++14";
				CLANG_CXX_LIBRARY = "libc++";
				CLANG_ENABLE_MODULES = YES;
				CLANG_ENABLE_OBJC_ARC = YES;
				CLANG_WARN_BLOCK_CAPTURE_AUTORELEASING = YES;
				CLANG_WARN_BOOL_CONVERSION = YES;
				CLANG_WARN_COMMA = YES;
				CLANG_WARN_CONSTANT_CONVERSION = YES;
				CLANG_WARN_DIRECT_OBJC_ISA_USAGE = YES_ERROR;
				CLANG_WARN_DOCUMENTATION_COMMENTS = YES;
				CLANG_WARN_EMPTY_BODY = YES;
				CLANG_WARN_ENUM_CONVERSION = YES;
				CLANG_WARN_INFINITE_RECURSION = YES;
				CLANG_WARN_INT_CONVERSION = YES;
				CLANG_WARN_NON_LITERAL_NULL_CONVERSION = YES;
				CLANG_WARN_OBJC_LITERAL_CONVERSION = YES;
				CLANG_WARN_OBJC_ROOT_CLASS = YES_ERROR;
				CLANG_WARN_RANGE_LOOP_ANALYSIS = YES;
				CLANG_WARN_STRICT_PROTOTYPES = YES;
				CLANG_WARN_SUSPICIOUS_MOVE = YES;
				CLANG_WARN_UNGUARDED_AVAILABILITY = YES_AGGRESSIVE;
				CLANG_WARN_UNREACHABLE_CODE = YES;
				CLANG_WARN__DUPLICATE_METHOD_MATCH = YES;
				CODE_SIGN_IDENTITY = "iPhone Developer";
				COPY_PHASE_STRIP = NO;
				DEBUG_INFORMATION_FORMAT = dwarf;
				ENABLE_STRICT_OBJC_MSGSEND = YES;
				ENABLE_TESTABILITY = YES;
				GCC_C_LANGUAGE_STANDARD = gnu11;
				GCC_DYNAMIC_NO_PIC = NO;
				GCC_NO_COMMON_BLOCKS = YES;
				GCC_OPTIMIZATION_LEVEL = 0;
				GCC_PREPROCESSOR_DEFINITIONS = (
					"DEBUG=1",
					"$(inherited)",
				);
				GCC_WARN_64_TO_32_BIT_CONVERSION = YES;
				GCC_WARN_ABOUT_RETURN_TYPE = YES_ERROR;
				GCC_WARN_UNDECLARED_SELECTOR = YES;
				GCC_WARN_UNINITIALIZED_AUTOS = YES_AGGRESSIVE;
				GCC_WARN_UNUSED_FUNCTION = YES;
				GCC_WARN_UNUSED_VARIABLE = YES;
				IPHONEOS_DEPLOYMENT_TARGET = 11.2;
				MTL_ENABLE_DEBUG_INFO = YES;
				ONLY_ACTIVE_ARCH = YES;
				SDKROOT = iphoneos;
				SWIFT_ACTIVE_COMPILATION_CONDITIONS = DEBUG;
				SWIFT_OPTIMIZATION_LEVEL = "-Onone";
			};
			name = Debug;
		};
		D305EE5F207A417900FB531F /* Release */ = {
			isa = XCBuildConfiguration;
			buildSettings = {
				ALWAYS_SEARCH_USER_PATHS = NO;
				CLANG_ANALYZER_NONNULL = YES;
				CLANG_ANALYZER_NUMBER_OBJECT_CONVERSION = YES_AGGRESSIVE;
				CLANG_CXX_LANGUAGE_STANDARD = "gnu++14";
				CLANG_CXX_LIBRARY = "libc++";
				CLANG_ENABLE_MODULES = YES;
				CLANG_ENABLE_OBJC_ARC = YES;
				CLANG_WARN_BLOCK_CAPTURE_AUTORELEASING = YES;
				CLANG_WARN_BOOL_CONVERSION = YES;
				CLANG_WARN_COMMA = YES;
				CLANG_WARN_CONSTANT_CONVERSION = YES;
				CLANG_WARN_DIRECT_OBJC_ISA_USAGE = YES_ERROR;
				CLANG_WARN_DOCUMENTATION_COMMENTS = YES;
				CLANG_WARN_EMPTY_BODY = YES;
				CLANG_WARN_ENUM_CONVERSION = YES;
				CLANG_WARN_INFINITE_RECURSION = YES;
				CLANG_WARN_INT_CONVERSION = YES;
				CLANG_WARN_NON_LITERAL_NULL_CONVERSION = YES;
				CLANG_WARN_OBJC_LITERAL_CONVERSION = YES;
				CLANG_WARN_OBJC_ROOT_CLASS = YES_ERROR;
				CLANG_WARN_RANGE_LOOP_ANALYSIS = YES;
				CLANG_WARN_STRICT_PROTOTYPES = YES;
				CLANG_WARN_SUSPICIOUS_MOVE = YES;
				CLANG_WARN_UNGUARDED_AVAILABILITY = YES_AGGRESSIVE;
				CLANG_WARN_UNREACHABLE_CODE = YES;
				CLANG_WARN__DUPLICATE_METHOD_MATCH = YES;
				CODE_SIGN_IDENTITY = "iPhone Developer";
				COPY_PHASE_STRIP = NO;
				DEBUG_INFORMATION_FORMAT = "dwarf-with-dsym";
				ENABLE_NS_ASSERTIONS = NO;
				ENABLE_STRICT_OBJC_MSGSEND = YES;
				GCC_C_LANGUAGE_STANDARD = gnu11;
				GCC_NO_COMMON_BLOCKS = YES;
				GCC_WARN_64_TO_32_BIT_CONVERSION = YES;
				GCC_WARN_ABOUT_RETURN_TYPE = YES_ERROR;
				GCC_WARN_UNDECLARED_SELECTOR = YES;
				GCC_WARN_UNINITIALIZED_AUTOS = YES_AGGRESSIVE;
				GCC_WARN_UNUSED_FUNCTION = YES;
				GCC_WARN_UNUSED_VARIABLE = YES;
				IPHONEOS_DEPLOYMENT_TARGET = 11.2;
				MTL_ENABLE_DEBUG_INFO = NO;
				SDKROOT = iphoneos;
				SWIFT_OPTIMIZATION_LEVEL = "-Owholemodule";
				VALIDATE_PRODUCT = YES;
			};
			name = Release;
		};
		D305EE61207A417900FB531F /* Debug */ = {
			isa = XCBuildConfiguration;
			baseConfigurationReference = CBFF75FC78B580AD6408F418 /* Pods-LanguageGame.debug.xcconfig */;
			buildSettings = {
				ASSETCATALOG_COMPILER_APPICON_NAME = AppIcon;
				CODE_SIGN_STYLE = Automatic;
				DEVELOPMENT_TEAM = 8ESNJQL58U;
				INFOPLIST_FILE = LanguageGame/Info.plist;
				LD_RUNPATH_SEARCH_PATHS = "$(inherited) @executable_path/Frameworks";
				PRODUCT_BUNDLE_IDENTIFIER = Home.LanguageGame;
				PRODUCT_NAME = "$(TARGET_NAME)";
				SWIFT_VERSION = 4.0;
				TARGETED_DEVICE_FAMILY = "1,2";
			};
			name = Debug;
		};
		D305EE62207A417900FB531F /* Release */ = {
			isa = XCBuildConfiguration;
			baseConfigurationReference = 80E676B45864F4A543576E17 /* Pods-LanguageGame.release.xcconfig */;
			buildSettings = {
				ASSETCATALOG_COMPILER_APPICON_NAME = AppIcon;
				CODE_SIGN_STYLE = Automatic;
				DEVELOPMENT_TEAM = 8ESNJQL58U;
				INFOPLIST_FILE = LanguageGame/Info.plist;
				LD_RUNPATH_SEARCH_PATHS = "$(inherited) @executable_path/Frameworks";
				PRODUCT_BUNDLE_IDENTIFIER = Home.LanguageGame;
				PRODUCT_NAME = "$(TARGET_NAME)";
				SWIFT_VERSION = 4.0;
				TARGETED_DEVICE_FAMILY = "1,2";
			};
			name = Release;
		};
		D305EE64207A417900FB531F /* Debug */ = {
			isa = XCBuildConfiguration;
			baseConfigurationReference = CF6869B28729D06AE96D582C /* Pods-LanguageGameTests.debug.xcconfig */;
			buildSettings = {
				ALWAYS_EMBED_SWIFT_STANDARD_LIBRARIES = YES;
				BUNDLE_LOADER = "$(TEST_HOST)";
				CODE_SIGN_STYLE = Automatic;
				DEVELOPMENT_TEAM = SSV5KQ8UA5;
				INFOPLIST_FILE = LanguageGameTests/Info.plist;
				LD_RUNPATH_SEARCH_PATHS = "$(inherited) @executable_path/Frameworks @loader_path/Frameworks";
				PRODUCT_BUNDLE_IDENTIFIER = Home.LanguageGameTests;
				PRODUCT_NAME = "$(TARGET_NAME)";
				SWIFT_VERSION = 4.0;
				TARGETED_DEVICE_FAMILY = "1,2";
				TEST_HOST = "$(BUILT_PRODUCTS_DIR)/LanguageGame.app/LanguageGame";
			};
			name = Debug;
		};
		D305EE65207A417900FB531F /* Release */ = {
			isa = XCBuildConfiguration;
			baseConfigurationReference = 3A7D3415BF5509B5711DB792 /* Pods-LanguageGameTests.release.xcconfig */;
			buildSettings = {
				ALWAYS_EMBED_SWIFT_STANDARD_LIBRARIES = YES;
				BUNDLE_LOADER = "$(TEST_HOST)";
				CODE_SIGN_STYLE = Automatic;
				DEVELOPMENT_TEAM = SSV5KQ8UA5;
				INFOPLIST_FILE = LanguageGameTests/Info.plist;
				LD_RUNPATH_SEARCH_PATHS = "$(inherited) @executable_path/Frameworks @loader_path/Frameworks";
				PRODUCT_BUNDLE_IDENTIFIER = Home.LanguageGameTests;
				PRODUCT_NAME = "$(TARGET_NAME)";
				SWIFT_VERSION = 4.0;
				TARGETED_DEVICE_FAMILY = "1,2";
				TEST_HOST = "$(BUILT_PRODUCTS_DIR)/LanguageGame.app/LanguageGame";
			};
			name = Release;
		};
		D305EE67207A417900FB531F /* Debug */ = {
			isa = XCBuildConfiguration;
			baseConfigurationReference = A111122E106A4BEB5F3BFF7F /* Pods-LanguageGameUITests.debug.xcconfig */;
			buildSettings = {
				ALWAYS_EMBED_SWIFT_STANDARD_LIBRARIES = YES;
				CODE_SIGN_STYLE = Automatic;
				DEVELOPMENT_TEAM = SSV5KQ8UA5;
				INFOPLIST_FILE = LanguageGameUITests/Info.plist;
				LD_RUNPATH_SEARCH_PATHS = "$(inherited) @executable_path/Frameworks @loader_path/Frameworks";
				PRODUCT_BUNDLE_IDENTIFIER = Home.LanguageGameUITests;
				PRODUCT_NAME = "$(TARGET_NAME)";
				SWIFT_VERSION = 4.0;
				TARGETED_DEVICE_FAMILY = "1,2";
				TEST_TARGET_NAME = LanguageGame;
			};
			name = Debug;
		};
		D305EE68207A417900FB531F /* Release */ = {
			isa = XCBuildConfiguration;
			baseConfigurationReference = 17C59F36CEB32EA82D6CA00C /* Pods-LanguageGameUITests.release.xcconfig */;
			buildSettings = {
				ALWAYS_EMBED_SWIFT_STANDARD_LIBRARIES = YES;
				CODE_SIGN_STYLE = Automatic;
				DEVELOPMENT_TEAM = SSV5KQ8UA5;
				INFOPLIST_FILE = LanguageGameUITests/Info.plist;
				LD_RUNPATH_SEARCH_PATHS = "$(inherited) @executable_path/Frameworks @loader_path/Frameworks";
				PRODUCT_BUNDLE_IDENTIFIER = Home.LanguageGameUITests;
				PRODUCT_NAME = "$(TARGET_NAME)";
				SWIFT_VERSION = 4.0;
				TARGETED_DEVICE_FAMILY = "1,2";
				TEST_TARGET_NAME = LanguageGame;
			};
			name = Release;
		};
/* End XCBuildConfiguration section */

/* Begin XCConfigurationList section */
		D305EE33207A417900FB531F /* Build configuration list for PBXProject "LanguageGame" */ = {
			isa = XCConfigurationList;
			buildConfigurations = (
				D305EE5E207A417900FB531F /* Debug */,
				D305EE5F207A417900FB531F /* Release */,
			);
			defaultConfigurationIsVisible = 0;
			defaultConfigurationName = Release;
		};
		D305EE60207A417900FB531F /* Build configuration list for PBXNativeTarget "LanguageGame" */ = {
			isa = XCConfigurationList;
			buildConfigurations = (
				D305EE61207A417900FB531F /* Debug */,
				D305EE62207A417900FB531F /* Release */,
			);
			defaultConfigurationIsVisible = 0;
			defaultConfigurationName = Release;
		};
		D305EE63207A417900FB531F /* Build configuration list for PBXNativeTarget "LanguageGameTests" */ = {
			isa = XCConfigurationList;
			buildConfigurations = (
				D305EE64207A417900FB531F /* Debug */,
				D305EE65207A417900FB531F /* Release */,
			);
			defaultConfigurationIsVisible = 0;
			defaultConfigurationName = Release;
		};
		D305EE66207A417900FB531F /* Build configuration list for PBXNativeTarget "LanguageGameUITests" */ = {
			isa = XCConfigurationList;
			buildConfigurations = (
				D305EE67207A417900FB531F /* Debug */,
				D305EE68207A417900FB531F /* Release */,
			);
			defaultConfigurationIsVisible = 0;
			defaultConfigurationName = Release;
		};
/* End XCConfigurationList section */
	};
	rootObject = D305EE30207A417900FB531F /* Project object */;
}
