// !$*UTF8*$!
{
	archiveVersion = 1;
	classes = {
	};
	objectVersion = 48;
	objects = {

/* Begin PBXBuildFile section */
		D305EE3C207A417900FB531F /* AppDelegate.swift in Sources */ = {isa = PBXBuildFile; fileRef = D305EE3B207A417900FB531F /* AppDelegate.swift */; };
		D305EE3E207A417900FB531F /* ViewController.swift in Sources */ = {isa = PBXBuildFile; fileRef = D305EE3D207A417900FB531F /* ViewController.swift */; };
		D305EE41207A417900FB531F /* Main.storyboard in Resources */ = {isa = PBXBuildFile; fileRef = D305EE3F207A417900FB531F /* Main.storyboard */; };
		D305EE43207A417900FB531F /* Assets.xcassets in Resources */ = {isa = PBXBuildFile; fileRef = D305EE42207A417900FB531F /* Assets.xcassets */; };
		D305EE46207A417900FB531F /* LaunchScreen.storyboard in Resources */ = {isa = PBXBuildFile; fileRef = D305EE44207A417900FB531F /* LaunchScreen.storyboard */; };
		D305EE51207A417900FB531F /* LanguageGameTests.swift in Sources */ = {isa = PBXBuildFile; fileRef = D305EE50207A417900FB531F /* LanguageGameTests.swift */; };
		D305EE5C207A417900FB531F /* LanguageGameUITests.swift in Sources */ = {isa = PBXBuildFile; fileRef = D305EE5B207A417900FB531F /* LanguageGameUITests.swift */; };
/* End PBXBuildFile section */

/* Begin PBXContainerItemProxy section */
		D305EE4D207A417900FB531F /* PBXContainerItemProxy */ = {
			isa = PBXContainerItemProxy;
			containerPortal = D305EE30207A417900FB531F /* Project object */;
			proxyType = 1;
			remoteGlobalIDString = D305EE37207A417900FB531F;
			remoteInfo = LanguageGame;
		};
		D305EE58207A417900FB531F /* PBXContainerItemProxy */ = {
			isa = PBXContainerItemProxy;
			containerPortal = D305EE30207A417900FB531F /* Project object */;
			proxyType = 1;
			remoteGlobalIDString = D305EE37207A417900FB531F;
			remoteInfo = LanguageGame;
		};
/* End PBXContainerItemProxy section */

/* Begin PBXFileReference section */
		D305EE38207A417900FB531F /* LanguageGame.app */ = {isa = PBXFileReference; explicitFileType = wrapper.application; includeInIndex = 0; path = LanguageGame.app; sourceTree = BUILT_PRODUCTS_DIR; };
		D305EE3B207A417900FB531F /* AppDelegate.swift */ = {isa = PBXFileReference; lastKnownFileType = sourcecode.swift; path = AppDelegate.swift; sourceTree = "<group>"; };
		D305EE3D207A417900FB531F /* ViewController.swift */ = {isa = PBXFileReference; lastKnownFileType = sourcecode.swift; path = ViewController.swift; sourceTree = "<group>"; };
		D305EE40207A417900FB531F /* Base */ = {isa = PBXFileReference; lastKnownFileType = file.storyboard; name = Base; path = Base.lproj/Main.storyboard; sourceTree = "<group>"; };
		D305EE42207A417900FB531F /* Assets.xcassets */ = {isa = PBXFileReference; lastKnownFileType = folder.assetcatalog; path = Assets.xcassets; sourceTree = "<group>"; };
		D305EE45207A417900FB531F /* Base */ = {isa = PBXFileReference; lastKnownFileType = file.storyboard; name = Base; path = Base.lproj/LaunchScreen.storyboard; sourceTree = "<group>"; };
		D305EE47207A417900FB531F /* Info.plist */ = {isa = PBXFileReference; lastKnownFileType = text.plist.xml; path = Info.plist; sourceTree = "<group>"; };
		D305EE4C207A417900FB531F /* LanguageGameTests.xctest */ = {isa = PBXFileReference; explicitFileType = wrapper.cfbundle; includeInIndex = 0; path = LanguageGameTests.xctest; sourceTree = BUILT_PRODUCTS_DIR; };
		D305EE50207A417900FB531F /* LanguageGameTests.swift */ = {isa = PBXFileReference; lastKnownFileType = sourcecode.swift; path = LanguageGameTests.swift; sourceTree = "<group>"; };
		D305EE52207A417900FB531F /* Info.plist */ = {isa = PBXFileReference; lastKnownFileType = text.plist.xml; path = Info.plist; sourceTree = "<group>"; };
		D305EE57207A417900FB531F /* LanguageGameUITests.xctest */ = {isa = PBXFileReference; explicitFileType = wrapper.cfbundle; includeInIndex = 0; path = LanguageGameUITests.xctest; sourceTree = BUILT_PRODUCTS_DIR; };
		D305EE5B207A417900FB531F /* LanguageGameUITests.swift */ = {isa = PBXFileReference; lastKnownFileType = sourcecode.swift; path = LanguageGameUITests.swift; sourceTree = "<group>"; };
		D305EE5D207A417900FB531F /* Info.plist */ = {isa = PBXFileReference; lastKnownFileType = text.plist.xml; path = Info.plist; sourceTree = "<group>"; };
/* End PBXFileReference section */

/* Begin PBXFrameworksBuildPhase section */
		D305EE35207A417900FB531F /* Frameworks */ = {
			isa = PBXFrameworksBuildPhase;
			buildActionMask = 2147483647;
			files = (
			);
			runOnlyForDeploymentPostprocessing = 0;
		};
		D305EE49207A417900FB531F /* Frameworks */ = {
			isa = PBXFrameworksBuildPhase;
			buildActionMask = 2147483647;
			files = (
			);
			runOnlyForDeploymentPostprocessing = 0;
		};
		D305EE54207A417900FB531F /* Frameworks */ = {
			isa = PBXFrameworksBuildPhase;
			buildActionMask = 2147483647;
			files = (
			);
			runOnlyForDeploymentPostprocessing = 0;
		};
/* End PBXFrameworksBuildPhase section */

/* Begin PBXGroup section */
		D305EE2F207A417900FB531F = {
			isa = PBXGroup;
			children = (
				D305EE3A207A417900FB531F /* LanguageGame */,
				D305EE4F207A417900FB531F /* LanguageGameTests */,
				D305EE5A207A417900FB531F /* LanguageGameUITests */,
				D305EE39207A417900FB531F /* Products */,
			);
			sourceTree = "<group>";
		};
		D305EE39207A417900FB531F /* Products */ = {
			isa = PBXGroup;
			children = (
				D305EE38207A417900FB531F /* LanguageGame.app */,
				D305EE4C207A417900FB531F /* LanguageGameTests.xctest */,
				D305EE57207A417900FB531F /* LanguageGameUITests.xctest */,
			);
			name = Products;
			sourceTree = "<group>";
		};
		D305EE3A207A417900FB531F /* LanguageGame */ = {
			isa = PBXGroup;
			children = (
				D305EE3B207A417900FB531F /* AppDelegate.swift */,
				D305EE3D207A417900FB531F /* ViewController.swift */,
				D305EE3F207A417900FB531F /* Main.storyboard */,
				D305EE42207A417900FB531F /* Assets.xcassets */,
				D305EE44207A417900FB531F /* LaunchScreen.storyboard */,
				D305EE47207A417900FB531F /* Info.plist */,
			);
			path = LanguageGame;
			sourceTree = "<group>";
		};
		D305EE4F207A417900FB531F /* LanguageGameTests */ = {
			isa = PBXGroup;
			children = (
				D305EE50207A417900FB531F /* LanguageGameTests.swift */,
				D305EE52207A417900FB531F /* Info.plist */,
			);
			path = LanguageGameTests;
			sourceTree = "<group>";
		};
		D305EE5A207A417900FB531F /* LanguageGameUITests */ = {
			isa = PBXGroup;
			children = (
				D305EE5B207A417900FB531F /* LanguageGameUITests.swift */,
				D305EE5D207A417900FB531F /* Info.plist */,
			);
			path = LanguageGameUITests;
			sourceTree = "<group>";
		};
/* End PBXGroup section */

/* Begin PBXNativeTarget section */
		D305EE37207A417900FB531F /* LanguageGame */ = {
			isa = PBXNativeTarget;
			buildConfigurationList = D305EE60207A417900FB531F /* Build configuration list for PBXNativeTarget "LanguageGame" */;
			buildPhases = (
				D305EE34207A417900FB531F /* Sources */,
				D305EE35207A417900FB531F /* Frameworks */,
				D305EE36207A417900FB531F /* Resources */,
			);
			buildRules = (
			);
			dependencies = (
			);
			name = LanguageGame;
			productName = LanguageGame;
			productReference = D305EE38207A417900FB531F /* LanguageGame.app */;
			productType = "com.apple.product-type.application";
		};
		D305EE4B207A417900FB531F /* LanguageGameTests */ = {
			isa = PBXNativeTarget;
			buildConfigurationList = D305EE63207A417900FB531F /* Build configuration list for PBXNativeTarget "LanguageGameTests" */;
			buildPhases = (
				D305EE48207A417900FB531F /* Sources */,
				D305EE49207A417900FB531F /* Frameworks */,
				D305EE4A207A417900FB531F /* Resources */,
			);
			buildRules = (
			);
			dependencies = (
				D305EE4E207A417900FB531F /* PBXTargetDependency */,
			);
			name = LanguageGameTests;
			productName = LanguageGameTests;
			productReference = D305EE4C207A417900FB531F /* LanguageGameTests.xctest */;
			productType = "com.apple.product-type.bundle.unit-test";
		};
		D305EE56207A417900FB531F /* LanguageGameUITests */ = {
			isa = PBXNativeTarget;
			buildConfigurationList = D305EE66207A417900FB531F /* Build configuration list for PBXNativeTarget "LanguageGameUITests" */;
			buildPhases = (
				D305EE53207A417900FB531F /* Sources */,
				D305EE54207A417900FB531F /* Frameworks */,
				D305EE55207A417900FB531F /* Resources */,
			);
			buildRules = (
			);
			dependencies = (
				D305EE59207A417900FB531F /* PBXTargetDependency */,
			);
			name = LanguageGameUITests;
			productName = LanguageGameUITests;
			productReference = D305EE57207A417900FB531F /* LanguageGameUITests.xctest */;
			productType = "com.apple.product-type.bundle.ui-testing";
		};
/* End PBXNativeTarget section */

/* Begin PBXProject section */
		D305EE30207A417900FB531F /* Project object */ = {
			isa = PBXProject;
			attributes = {
				LastSwiftUpdateCheck = 0920;
				LastUpgradeCheck = 0920;
				ORGANIZATIONNAME = "Ayman ";
				TargetAttributes = {
					D305EE37207A417900FB531F = {
						CreatedOnToolsVersion = 9.2;
						ProvisioningStyle = Automatic;
					};
					D305EE4B207A417900FB531F = {
						CreatedOnToolsVersion = 9.2;
						ProvisioningStyle = Automatic;
						TestTargetID = D305EE37207A417900FB531F;
					};
					D305EE56207A417900FB531F = {
						CreatedOnToolsVersion = 9.2;
						ProvisioningStyle = Automatic;
						TestTargetID = D305EE37207A417900FB531F;
					};
				};
			};
			buildConfigurationList = D305EE33207A417900FB531F /* Build configuration list for PBXProject "LanguageGame" */;
			compatibilityVersion = "Xcode 8.0";
			developmentRegion = en;
			hasScannedForEncodings = 0;
			knownRegions = (
				en,
				Base,
			);
			mainGroup = D305EE2F207A417900FB531F;
			productRefGroup = D305EE39207A417900FB531F /* Products */;
			projectDirPath = "";
			projectRoot = "";
			targets = (
				D305EE37207A417900FB531F /* LanguageGame */,
				D305EE4B207A417900FB531F /* LanguageGameTests */,
				D305EE56207A417900FB531F /* LanguageGameUITests */,
			);
		};
/* End PBXProject section */

/* Begin PBXResourcesBuildPhase section */
		D305EE36207A417900FB531F /* Resources */ = {
			isa = PBXResourcesBuildPhase;
			buildActionMask = 2147483647;
			files = (
				D305EE46207A417900FB531F /* LaunchScreen.storyboard in Resources */,
				D305EE43207A417900FB531F /* Assets.xcassets in Resources */,
				D305EE41207A417900FB531F /* Main.storyboard in Resources */,
			);
			runOnlyForDeploymentPostprocessing = 0;
		};
		D305EE4A207A417900FB531F /* Resources */ = {
			isa = PBXResourcesBuildPhase;
			buildActionMask = 2147483647;
			files = (
			);
			runOnlyForDeploymentPostprocessing = 0;
		};
		D305EE55207A417900FB531F /* Resources */ = {
			isa = PBXResourcesBuildPhase;
			buildActionMask = 2147483647;
			files = (
			);
			runOnlyForDeploymentPostprocessing = 0;
		};
/* End PBXResourcesBuildPhase section */

/* Begin PBXSourcesBuildPhase section */
		D305EE34207A417900FB531F /* Sources */ = {
			isa = PBXSourcesBuildPhase;
			buildActionMask = 2147483647;
			files = (
				D305EE3E207A417900FB531F /* ViewController.swift in Sources */,
				D305EE3C207A417900FB531F /* AppDelegate.swift in Sources */,
			);
			runOnlyForDeploymentPostprocessing = 0;
		};
		D305EE48207A417900FB531F /* Sources */ = {
			isa = PBXSourcesBuildPhase;
			buildActionMask = 2147483647;
			files = (
				D305EE51207A417900FB531F /* LanguageGameTests.swift in Sources */,
			);
			runOnlyForDeploymentPostprocessing = 0;
		};
		D305EE53207A417900FB531F /* Sources */ = {
			isa = PBXSourcesBuildPhase;
			buildActionMask = 2147483647;
			files = (
				D305EE5C207A417900FB531F /* LanguageGameUITests.swift in Sources */,
			);
			runOnlyForDeploymentPostprocessing = 0;
		};
/* End PBXSourcesBuildPhase section */

/* Begin PBXTargetDependency section */
		D305EE4E207A417900FB531F /* PBXTargetDependency */ = {
			isa = PBXTargetDependency;
			target = D305EE37207A417900FB531F /* LanguageGame */;
			targetProxy = D305EE4D207A417900FB531F /* PBXContainerItemProxy */;
		};
		D305EE59207A417900FB531F /* PBXTargetDependency */ = {
			isa = PBXTargetDependency;
			target = D305EE37207A417900FB531F /* LanguageGame */;
			targetProxy = D305EE58207A417900FB531F /* PBXContainerItemProxy */;
		};
/* End PBXTargetDependency section */

/* Begin PBXVariantGroup section */
		D305EE3F207A417900FB531F /* Main.storyboard */ = {
			isa = PBXVariantGroup;
			children = (
				D305EE40207A417900FB531F /* Base */,
			);
			name = Main.storyboard;
			sourceTree = "<group>";
		};
		D305EE44207A417900FB531F /* LaunchScreen.storyboard */ = {
			isa = PBXVariantGroup;
			children = (
				D305EE45207A417900FB531F /* Base */,
			);
			name = LaunchScreen.storyboard;
			sourceTree = "<group>";
		};
/* End PBXVariantGroup section */

/* Begin XCBuildConfiguration section */
		D305EE5E207A417900FB531F /* Debug */ = {
			isa = XCBuildConfiguration;
			buildSettings = {
				ALWAYS_SEARCH_USER_PATHS = NO;
				CLANG_ANALYZER_NONNULL = YES;
				CLANG_ANALYZER_NUMBER_OBJECT_CONVERSION = YES_AGGRESSIVE;
				CLANG_CXX_LANGUAGE_STANDARD = "gnu++14";
				CLANG_CXX_LIBRARY = "libc++";
				CLANG_ENABLE_MODULES = YES;
				CLANG_ENABLE_OBJC_ARC = YES;
				CLANG_WARN_BLOCK_CAPTURE_AUTORELEASING = YES;
				CLANG_WARN_BOOL_CONVERSION = YES;
				CLANG_WARN_COMMA = YES;
				CLANG_WARN_CONSTANT_CONVERSION = YES;
				CLANG_WARN_DIRECT_OBJC_ISA_USAGE = YES_ERROR;
				CLANG_WARN_DOCUMENTATION_COMMENTS = YES;
				CLANG_WARN_EMPTY_BODY = YES;
				CLANG_WARN_ENUM_CONVERSION = YES;
				CLANG_WARN_INFINITE_RECURSION = YES;
				CLANG_WARN_INT_CONVERSION = YES;
				CLANG_WARN_NON_LITERAL_NULL_CONVERSION = YES;
				CLANG_WARN_OBJC_LITERAL_CONVERSION = YES;
				CLANG_WARN_OBJC_ROOT_CLASS = YES_ERROR;
				CLANG_WARN_RANGE_LOOP_ANALYSIS = YES;
				CLANG_WARN_STRICT_PROTOTYPES = YES;
				CLANG_WARN_SUSPICIOUS_MOVE = YES;
				CLANG_WARN_UNGUARDED_AVAILABILITY = YES_AGGRESSIVE;
				CLANG_WARN_UNREACHABLE_CODE = YES;
				CLANG_WARN__DUPLICATE_METHOD_MATCH = YES;
				CODE_SIGN_IDENTITY = "iPhone Developer";
				COPY_PHASE_STRIP = NO;
				DEBUG_INFORMATION_FORMAT = dwarf;
				ENABLE_STRICT_OBJC_MSGSEND = YES;
				ENABLE_TESTABILITY = YES;
				GCC_C_LANGUAGE_STANDARD = gnu11;
				GCC_DYNAMIC_NO_PIC = NO;
				GCC_NO_COMMON_BLOCKS = YES;
				GCC_OPTIMIZATION_LEVEL = 0;
				GCC_PREPROCESSOR_DEFINITIONS = (
					"DEBUG=1",
					"$(inherited)",
				);
				GCC_WARN_64_TO_32_BIT_CONVERSION = YES;
				GCC_WARN_ABOUT_RETURN_TYPE = YES_ERROR;
				GCC_WARN_UNDECLARED_SELECTOR = YES;
				GCC_WARN_UNINITIALIZED_AUTOS = YES_AGGRESSIVE;
				GCC_WARN_UNUSED_FUNCTION = YES;
				GCC_WARN_UNUSED_VARIABLE = YES;
				IPHONEOS_DEPLOYMENT_TARGET = 11.2;
				MTL_ENABLE_DEBUG_INFO = YES;
				ONLY_ACTIVE_ARCH = YES;
				SDKROOT = iphoneos;
				SWIFT_ACTIVE_COMPILATION_CONDITIONS = DEBUG;
				SWIFT_OPTIMIZATION_LEVEL = "-Onone";
			};
			name = Debug;
		};
		D305EE5F207A417900FB531F /* Release */ = {
			isa = XCBuildConfiguration;
			buildSettings = {
				ALWAYS_SEARCH_USER_PATHS = NO;
				CLANG_ANALYZER_NONNULL = YES;
				CLANG_ANALYZER_NUMBER_OBJECT_CONVERSION = YES_AGGRESSIVE;
				CLANG_CXX_LANGUAGE_STANDARD = "gnu++14";
				CLANG_CXX_LIBRARY = "libc++";
				CLANG_ENABLE_MODULES = YES;
				CLANG_ENABLE_OBJC_ARC = YES;
				CLANG_WARN_BLOCK_CAPTURE_AUTORELEASING = YES;
				CLANG_WARN_BOOL_CONVERSION = YES;
				CLANG_WARN_COMMA = YES;
				CLANG_WARN_CONSTANT_CONVERSION = YES;
				CLANG_WARN_DIRECT_OBJC_ISA_USAGE = YES_ERROR;
				CLANG_WARN_DOCUMENTATION_COMMENTS = YES;
				CLANG_WARN_EMPTY_BODY = YES;
				CLANG_WARN_ENUM_CONVERSION = YES;
				CLANG_WARN_INFINITE_RECURSION = YES;
				CLANG_WARN_INT_CONVERSION = YES;
				CLANG_WARN_NON_LITERAL_NULL_CONVERSION = YES;
				CLANG_WARN_OBJC_LITERAL_CONVERSION = YES;
				CLANG_WARN_OBJC_ROOT_CLASS = YES_ERROR;
				CLANG_WARN_RANGE_LOOP_ANALYSIS = YES;
				CLANG_WARN_STRICT_PROTOTYPES = YES;
				CLANG_WARN_SUSPICIOUS_MOVE = YES;
				CLANG_WARN_UNGUARDED_AVAILABILITY = YES_AGGRESSIVE;
				CLANG_WARN_UNREACHABLE_CODE = YES;
				CLANG_WARN__DUPLICATE_METHOD_MATCH = YES;
				CODE_SIGN_IDENTITY = "iPhone Developer";
				COPY_PHASE_STRIP = NO;
				DEBUG_INFORMATION_FORMAT = "dwarf-with-dsym";
				ENABLE_NS_ASSERTIONS = NO;
				ENABLE_STRICT_OBJC_MSGSEND = YES;
				GCC_C_LANGUAGE_STANDARD = gnu11;
				GCC_NO_COMMON_BLOCKS = YES;
				GCC_WARN_64_TO_32_BIT_CONVERSION = YES;
				GCC_WARN_ABOUT_RETURN_TYPE = YES_ERROR;
				GCC_WARN_UNDECLARED_SELECTOR = YES;
				GCC_WARN_UNINITIALIZED_AUTOS = YES_AGGRESSIVE;
				GCC_WARN_UNUSED_FUNCTION = YES;
				GCC_WARN_UNUSED_VARIABLE = YES;
				IPHONEOS_DEPLOYMENT_TARGET = 11.2;
				MTL_ENABLE_DEBUG_INFO = NO;
				SDKROOT = iphoneos;
				SWIFT_OPTIMIZATION_LEVEL = "-Owholemodule";
				VALIDATE_PRODUCT = YES;
			};
			name = Release;
		};
		D305EE61207A417900FB531F /* Debug */ = {
			isa = XCBuildConfiguration;
			buildSettings = {
				ASSETCATALOG_COMPILER_APPICON_NAME = AppIcon;
				CODE_SIGN_STYLE = Automatic;
				DEVELOPMENT_TEAM = SSV5KQ8UA5;
				INFOPLIST_FILE = LanguageGame/Info.plist;
				LD_RUNPATH_SEARCH_PATHS = "$(inherited) @executable_path/Frameworks";
				PRODUCT_BUNDLE_IDENTIFIER = Home.LanguageGame;
				PRODUCT_NAME = "$(TARGET_NAME)";
				SWIFT_VERSION = 4.0;
				TARGETED_DEVICE_FAMILY = "1,2";
			};
			name = Debug;
		};
		D305EE62207A417900FB531F /* Release */ = {
			isa = XCBuildConfiguration;
			buildSettings = {
				ASSETCATALOG_COMPILER_APPICON_NAME = AppIcon;
				CODE_SIGN_STYLE = Automatic;
				DEVELOPMENT_TEAM = SSV5KQ8UA5;
				INFOPLIST_FILE = LanguageGame/Info.plist;
				LD_RUNPATH_SEARCH_PATHS = "$(inherited) @executable_path/Frameworks";
				PRODUCT_BUNDLE_IDENTIFIER = Home.LanguageGame;
				PRODUCT_NAME = "$(TARGET_NAME)";
				SWIFT_VERSION = 4.0;
				TARGETED_DEVICE_FAMILY = "1,2";
			};
			name = Release;
		};
		D305EE64207A417900FB531F /* Debug */ = {
			isa = XCBuildConfiguration;
			buildSettings = {
				ALWAYS_EMBED_SWIFT_STANDARD_LIBRARIES = YES;
				BUNDLE_LOADER = "$(TEST_HOST)";
				CODE_SIGN_STYLE = Automatic;
				DEVELOPMENT_TEAM = SSV5KQ8UA5;
				INFOPLIST_FILE = LanguageGameTests/Info.plist;
				LD_RUNPATH_SEARCH_PATHS = "$(inherited) @executable_path/Frameworks @loader_path/Frameworks";
				PRODUCT_BUNDLE_IDENTIFIER = Home.LanguageGameTests;
				PRODUCT_NAME = "$(TARGET_NAME)";
				SWIFT_VERSION = 4.0;
				TARGETED_DEVICE_FAMILY = "1,2";
				TEST_HOST = "$(BUILT_PRODUCTS_DIR)/LanguageGame.app/LanguageGame";
			};
			name = Debug;
		};
		D305EE65207A417900FB531F /* Release */ = {
			isa = XCBuildConfiguration;
			buildSettings = {
				ALWAYS_EMBED_SWIFT_STANDARD_LIBRARIES = YES;
				BUNDLE_LOADER = "$(TEST_HOST)";
				CODE_SIGN_STYLE = Automatic;
				DEVELOPMENT_TEAM = SSV5KQ8UA5;
				INFOPLIST_FILE = LanguageGameTests/Info.plist;
				LD_RUNPATH_SEARCH_PATHS = "$(inherited) @executable_path/Frameworks @loader_path/Frameworks";
				PRODUCT_BUNDLE_IDENTIFIER = Home.LanguageGameTests;
				PRODUCT_NAME = "$(TARGET_NAME)";
				SWIFT_VERSION = 4.0;
				TARGETED_DEVICE_FAMILY = "1,2";
				TEST_HOST = "$(BUILT_PRODUCTS_DIR)/LanguageGame.app/LanguageGame";
			};
			name = Release;
		};
		D305EE67207A417900FB531F /* Debug */ = {
			isa = XCBuildConfiguration;
			buildSettings = {
				ALWAYS_EMBED_SWIFT_STANDARD_LIBRARIES = YES;
				CODE_SIGN_STYLE = Automatic;
				DEVELOPMENT_TEAM = SSV5KQ8UA5;
				INFOPLIST_FILE = LanguageGameUITests/Info.plist;
				LD_RUNPATH_SEARCH_PATHS = "$(inherited) @executable_path/Frameworks @loader_path/Frameworks";
				PRODUCT_BUNDLE_IDENTIFIER = Home.LanguageGameUITests;
				PRODUCT_NAME = "$(TARGET_NAME)";
				SWIFT_VERSION = 4.0;
				TARGETED_DEVICE_FAMILY = "1,2";
				TEST_TARGET_NAME = LanguageGame;
			};
			name = Debug;
		};
		D305EE68207A417900FB531F /* Release */ = {
			isa = XCBuildConfiguration;
			buildSettings = {
				ALWAYS_EMBED_SWIFT_STANDARD_LIBRARIES = YES;
				CODE_SIGN_STYLE = Automatic;
				DEVELOPMENT_TEAM = SSV5KQ8UA5;
				INFOPLIST_FILE = LanguageGameUITests/Info.plist;
				LD_RUNPATH_SEARCH_PATHS = "$(inherited) @executable_path/Frameworks @loader_path/Frameworks";
				PRODUCT_BUNDLE_IDENTIFIER = Home.LanguageGameUITests;
				PRODUCT_NAME = "$(TARGET_NAME)";
				SWIFT_VERSION = 4.0;
				TARGETED_DEVICE_FAMILY = "1,2";
				TEST_TARGET_NAME = LanguageGame;
			};
			name = Release;
		};
/* End XCBuildConfiguration section */

/* Begin XCConfigurationList section */
		D305EE33207A417900FB531F /* Build configuration list for PBXProject "LanguageGame" */ = {
			isa = XCConfigurationList;
			buildConfigurations = (
				D305EE5E207A417900FB531F /* Debug */,
				D305EE5F207A417900FB531F /* Release */,
			);
			defaultConfigurationIsVisible = 0;
			defaultConfigurationName = Release;
		};
		D305EE60207A417900FB531F /* Build configuration list for PBXNativeTarget "LanguageGame" */ = {
			isa = XCConfigurationList;
			buildConfigurations = (
				D305EE61207A417900FB531F /* Debug */,
				D305EE62207A417900FB531F /* Release */,
			);
			defaultConfigurationIsVisible = 0;
			defaultConfigurationName = Release;
		};
		D305EE63207A417900FB531F /* Build configuration list for PBXNativeTarget "LanguageGameTests" */ = {
			isa = XCConfigurationList;
			buildConfigurations = (
				D305EE64207A417900FB531F /* Debug */,
				D305EE65207A417900FB531F /* Release */,
			);
			defaultConfigurationIsVisible = 0;
			defaultConfigurationName = Release;
		};
		D305EE66207A417900FB531F /* Build configuration list for PBXNativeTarget "LanguageGameUITests" */ = {
			isa = XCConfigurationList;
			buildConfigurations = (
				D305EE67207A417900FB531F /* Debug */,
				D305EE68207A417900FB531F /* Release */,
			);
			defaultConfigurationIsVisible = 0;
			defaultConfigurationName = Release;
		};
/* End XCConfigurationList section */
	};
	rootObject = D305EE30207A417900FB531F /* Project object */;
}
